<?xml version="1.0" encoding="utf-8"?>
<Project ToolsVersion="4.0" xmlns="http://schemas.microsoft.com/developer/msbuild/2003">
  <ItemGroup>
    <Filter Include="Source Files">
      <UniqueIdentifier>{4FC737F1-C7A5-4376-A066-2A32D752A2FF}</UniqueIdentifier>
      <Extensions>cpp;c;cc;cxx;c++;cppm;ixx;def;odl;idl;hpj;bat;asm;asmx</Extensions>
    </Filter>
    <Filter Include="Header Files">
      <UniqueIdentifier>{93995380-89BD-4b04-88EB-625FBE52EBFB}</UniqueIdentifier>
      <Extensions>h;hh;hpp;hxx;h++;hm;inl;inc;ipp;xsd</Extensions>
    </Filter>
    <Filter Include="Resource Files">
      <UniqueIdentifier>{67DA6AB6-F800-4c08-8B7A-83BB121AAD01}</UniqueIdentifier>
      <Extensions>rc;ico;cur;bmp;dlg;rc2;rct;bin;rgs;gif;jpg;jpeg;jpe;resx;tiff;tif;png;wav;mfcribbon-ms</Extensions>
    </Filter>
  </ItemGroup>
  <ItemGroup>
    <ClCompile Include="Commands\Command.cpp">
      <Filter>Source Files</Filter>
    </ClCompile>
    <ClCompile Include="Commands\Commons\Help.cpp">
      <Filter>Source Files</Filter>
    </ClCompile>
    <ClCompile Include="Commands\Commons\Quit.cpp">
      <Filter>Source Files</Filter>
    </ClCompile>
    <ClCompile Include="Commands\Files\Cd.cpp">
      <Filter>Source Files</Filter>
    </ClCompile>
    <ClCompile Include="Commands\Files\Chm.cpp">
      <Filter>Source Files</Filter>
    </ClCompile>
    <ClCompile Include="Commands\Files\Cpy.cpp">
      <Filter>Source Files</Filter>
    </ClCompile>
    <ClCompile Include="Commands\Files\Del.cpp">
      <Filter>Source Files</Filter>
    </ClCompile>
    <ClCompile Include="Commands\Files\Delreboot.cpp">
      <Filter>Source Files</Filter>
    </ClCompile>
    <ClCompile Include="Commands\Files\Dir.cpp">
      <Filter>Source Files</Filter>
    </ClCompile>
    <ClCompile Include="Commands\Files\File.cpp">
      <Filter>Source Files</Filter>
    </ClCompile>
    <ClCompile Include="Commands\Files\Move.cpp">
      <Filter>Source Files</Filter>
    </ClCompile>
    <ClCompile Include="Commands\Files\Pwd.cpp">
      <Filter>Source Files</Filter>
    </ClCompile>
    <ClCompile Include="Commands\Files\Read.cpp">
      <Filter>Source Files</Filter>
    </ClCompile>
    <ClCompile Include="Commands\Files\Write.cpp">
      <Filter>Source Files</Filter>
    </ClCompile>
    <ClCompile Include="Commands\Processes\CreateProc.cpp">
      <Filter>Source Files</Filter>
    </ClCompile>
    <ClCompile Include="Commands\Processes\CritProc.cpp">
      <Filter>Source Files</Filter>
    </ClCompile>
    <ClCompile Include="Commands\Processes\KillProc.cpp">
      <Filter>Source Files</Filter>
    </ClCompile>
    <ClCompile Include="Commands\Processes\ListProcs.cpp">
      <Filter>Source Files</Filter>
    </ClCompile>
    <ClCompile Include="Commands\Processes\SuspendProc.cpp">
      <Filter>Source Files</Filter>
    </ClCompile>
    <ClCompile Include="Commands\Processes\UnCritProc.cpp">
      <Filter>Source Files</Filter>
    </ClCompile>
    <ClCompile Include="Commands\Registry\CreateKey.cpp">
      <Filter>Source Files</Filter>
    </ClCompile>
    <ClCompile Include="Commands\Registry\CreateValue.cpp">
      <Filter>Source Files</Filter>
    </ClCompile>
    <ClCompile Include="Commands\Registry\DeleteKey.cpp">
      <Filter>Source Files</Filter>
    </ClCompile>
    <ClCompile Include="Commands\Registry\DeleteValue.cpp">
      <Filter>Source Files</Filter>
    </ClCompile>
    <ClCompile Include="Commands\Registry\GetKey.cpp">
      <Filter>Source Files</Filter>
    </ClCompile>
    <ClCompile Include="Commands\Registry\RegDir.cpp">
      <Filter>Source Files</Filter>
    </ClCompile>
    <ClCompile Include="Commands\Registry\SetData.cpp">
      <Filter>Source Files</Filter>
    </ClCompile>
    <ClCompile Include="Parser.cpp">
      <Filter>Source Files</Filter>
    </ClCompile>
    <ClCompile Include="Utils\Utils.cpp">
      <Filter>Source Files</Filter>
    </ClCompile>
    <ClCompile Include="Network\Server.cpp">
      <Filter>Source Files</Filter>
    </ClCompile>
    <ClCompile Include="Main.cpp">
      <Filter>Source Files</Filter>
    </ClCompile>
  </ItemGroup>
  <ItemGroup>
    <ClInclude Include="Commands\Command.h">
      <Filter>Header Files</Filter>
    </ClInclude>
    <ClInclude Include="Commands\Commons\Help.h">
      <Filter>Header Files</Filter>
    </ClInclude>
    <ClInclude Include="Commands\Commons\Quit.h">
      <Filter>Header Files</Filter>
    </ClInclude>
    <ClInclude Include="Commands\Files\Cd.h">
      <Filter>Header Files</Filter>
    </ClInclude>
    <ClInclude Include="Commands\Files\Chm.h">
      <Filter>Header Files</Filter>
    </ClInclude>
    <ClInclude Include="Commands\Files\Cpy.h">
      <Filter>Header Files</Filter>
    </ClInclude>
    <ClInclude Include="Commands\Files\Del.h">
      <Filter>Header Files</Filter>
    </ClInclude>
    <ClInclude Include="Commands\Files\Delreboot.h">
      <Filter>Header Files</Filter>
    </ClInclude>
    <ClInclude Include="Commands\Files\Dir.h">
      <Filter>Header Files</Filter>
    </ClInclude>
    <ClInclude Include="Commands\Files\File.h">
      <Filter>Header Files</Filter>
    </ClInclude>
    <ClInclude Include="Commands\Files\Move.h">
      <Filter>Header Files</Filter>
    </ClInclude>
    <ClInclude Include="Commands\Files\Pwd.h">
      <Filter>Header Files</Filter>
    </ClInclude>
    <ClInclude Include="Commands\Files\Read.h">
      <Filter>Header Files</Filter>
    </ClInclude>
    <ClInclude Include="Commands\Files\Write.h">
      <Filter>Header Files</Filter>
    </ClInclude>
    <ClInclude Include="Commands\Processes\CreateProc.h">
      <Filter>Header Files</Filter>
    </ClInclude>
    <ClInclude Include="Commands\Processes\CritProc.h">
      <Filter>Header Files</Filter>
    </ClInclude>
    <ClInclude Include="Commands\Processes\KillProc.h">
      <Filter>Header Files</Filter>
    </ClInclude>
    <ClInclude Include="Commands\Processes\ListProcs.h">
      <Filter>Header Files</Filter>
    </ClInclude>
    <ClInclude Include="Commands\Processes\SuspendProc.h">
      <Filter>Header Files</Filter>
    </ClInclude>
    <ClInclude Include="Commands\Processes\UnCritProc.h">
      <Filter>Header Files</Filter>
    </ClInclude>
    <ClInclude Include="Commands\Registry\CreateKey.h">
      <Filter>Header Files</Filter>
    </ClInclude>
    <ClInclude Include="Commands\Registry\CreateValue.h">
      <Filter>Header Files</Filter>
    </ClInclude>
    <ClInclude Include="Commands\Registry\DeleteKey.h">
      <Filter>Header Files</Filter>
    </ClInclude>
    <ClInclude Include="Commands\Registry\DeleteValue.h">
      <Filter>Header Files</Filter>
    </ClInclude>
    <ClInclude Include="Commands\Registry\GetKey.h">
      <Filter>Header Files</Filter>
    </ClInclude>
    <ClInclude Include="Commands\Registry\RegDir.h">
      <Filter>Header Files</Filter>
    </ClInclude>
    <ClInclude Include="Commands\Registry\SetData.h">
      <Filter>Header Files</Filter>
    </ClInclude>
    <ClInclude Include="Parser.h">
      <Filter>Header Files</Filter>
    </ClInclude>
    <ClInclude Include="Utils\Utils.h">
      <Filter>Header Files</Filter>
    </ClInclude>
    <ClInclude Include="Network\Server.h">
      <Filter>Header Files</Filter>
    </ClInclude>
  </ItemGroup>
</Project>